
Microsoft Visual Studio Solution File, Format Version 12.00
Project("{FAE04EC0-301F-11D3-BF4B-00C04F79EFBC}") = "WebPushLite", "WebPushLite\WebPushLite.csproj", "{E0975B09-EAF8-4374-BE26-DF88E4D1342B}"
EndProject
Project("{FAE04EC0-301F-11D3-BF4B-00C04F79EFBC}") = "WebPushLite.Tests", "WebPushLite.Tests\WebPushLite.Tests.csproj", "{E0C55669-D18C-48B6-8EBE-BE971F718ED2}"
EndProject
Global
	GlobalSection(SolutionConfigurationPlatforms) = preSolution
		Debug|Any CPU = Debug|Any CPU
		Release|Any CPU = Release|Any CPU
	EndGlobalSection
	GlobalSection(ProjectConfigurationPlatforms) = postSolution
		{E0975B09-EAF8-4374-BE26-DF88E4D1342B}.Debug|Any CPU.ActiveCfg = Debug|Any CPU
		{E0975B09-EAF8-4374-BE26-DF88E4D1342B}.Debug|Any CPU.Build.0 = Debug|Any CPU
		{E0975B09-EAF8-4374-BE26-DF88E4D1342B}.Release|Any CPU.ActiveCfg = Release|Any CPU
		{E0975B09-EAF8-4374-BE26-DF88E4D1342B}.Release|Any CPU.Build.0 = Release|Any CPU
		{E0C55669-D18C-48B6-8EBE-BE971F718ED2}.Debug|Any CPU.ActiveCfg = Debug|Any CPU
		{E0C55669-D18C-48B6-8EBE-BE971F718ED2}.Debug|Any CPU.Build.0 = Debug|Any CPU
		{E0C55669-D18C-48B6-8EBE-BE971F718ED2}.Release|Any CPU.ActiveCfg = Release|Any CPU
		{E0C55669-D18C-48B6-8EBE-BE971F718ED2}.Release|Any CPU.Build.0 = Release|Any CPU
	EndGlobalSection
EndGlobal
